# THIS IS AN AUTOGENERATED FILE. DO NOT EDIT THIS FILE DIRECTLY.
# yarn lockfile v1


cytoscape-context-menus@^2.1.1:
  version "2.1.1"
  resolved "https://registry.yarnpkg.com/cytoscape-context-menus/-/cytoscape-context-menus-2.1.1.tgz#d4ca45fccb54655478a4d47c9a088c40d692f69b"

cytoscape-edgehandles@^2.11.0:
  version "2.11.0"
  resolved "https://registry.yarnpkg.com/cytoscape-edgehandles/-/cytoscape-edgehandles-2.11.0.tgz#2eef26b9f566a6503a202e7a7d8383d0aeb935b5"
  dependencies:
    lodash.debounce "^4.0.8"
    lodash.throttle "^4.1.1"

cytoscape@^3.0.0:
  version "3.0.0"
  resolved "https://registry.yarnpkg.com/cytoscape/-/cytoscape-3.0.0.tgz#d47ed5bd7fb0206325cd6343f7fd0e1be0d106b2"

es6-shim@^0.35.3:
  version "0.35.3"
  resolved "https://registry.yarnpkg.com/es6-shim/-/es6-shim-0.35.3.tgz#9bfb7363feffff87a6cdb6cd93e405ec3c4b6f26"

jquery@^3.2.1:
  version "3.2.1"
  resolved "https://registry.yarnpkg.com/jquery/-/jquery-3.2.1.tgz#5c4d9de652af6cd0a770154a631bba12b015c787"

lodash.debounce@^4.0.8:
  version "4.0.8"
  resolved "https://registry.yarnpkg.com/lodash.debounce/-/lodash.debounce-4.0.8.tgz#82d79bff30a67c4005ffd5e2515300ad9ca4d7af"

lodash.throttle@^4.1.1:
  version "4.1.1"
  resolved "https://registry.yarnpkg.com/lodash.throttle/-/lodash.throttle-4.1.1.tgz#c23e91b710242ac70c37f1e1cda9274cc39bf2f4"
